Microsoft Visual Studio Solution File, Format Version 12.00
# Visual Studio Version 17
VisualStudioVersion = 17.13.35818.85
MinimumVisualStudioVersion = 10.0.40219.1
Project("{2150E333-8FDC-42A3-9474-1A3956D46DE8}") = "Solution Items", "Solution Items", "{697DB175-35B9-4313-8B5C-CDD6F6747E3A}"
	ProjectSection(SolutionItems) = preProject
								.editorconfig = .editorconfig
		compose.yaml = compose.yaml
		Directory.Build.props = Directory.Build.props
		Directory.Packages.props = Directory.Packages.props
		postgresql-compose.yaml = postgresql-compose.yaml
	EndProjectSection
EndProject
Project("{FAE04EC0-301F-11D3-BF4B-00C04F79EFBC}") = "ExpertBridge.Host", "ExpertBridge.Host\ExpertBridge.Host.csproj", "{B723AD57-31E0-4232-9C6A-87A7BA4B6C3C}"
EndProject
Project("{FAE04EC0-301F-11D3-BF4B-00C04F79EFBC}") = "ExpertBridge.Api", "ExpertBridge.Api\ExpertBridge.Api.csproj", "{59EAB2C1-1ABE-46F7-A1A7-107BCA3E5F0E}"
EndProject
Project("{FAE04EC0-301F-11D3-BF4B-00C04F79EFBC}") = "ExpertBridge.UnitTests", "ExpertBridge.UnitTests\ExpertBridge.UnitTests.csproj", "{7BFFDB7C-149B-4B6E-ACFE-E4E822A70AF1}"
EndProject
Project("{FAE04EC0-301F-11D3-BF4B-00C04F79EFBC}") = "ExpertBridge.Core", "ExpertBridge.Core\ExpertBridge.Core.csproj", "{3DC74DCE-0060-49CB-BC68-A4B219A3F86C}"
EndProject
Project("{FAE04EC0-301F-11D3-BF4B-00C04F79EFBC}") = "ExpertBridge.Data", "ExpertBridge.Data\ExpertBridge.Data.csproj", "{F87F6A03-77A6-4D4B-B4EC-424035AA39D8}"
EndProject
Project("{FAE04EC0-301F-11D3-BF4B-00C04F79EFBC}") = "ExpertBridge.GroqLibrary", "ExpertBridge.GroqLibrary\ExpertBridge.GroqLibrary.csproj", "{8FA8F5BF-65F1-4512-8DB0-8DF738BD20D2}"
EndProject
Project("{FAE04EC0-301F-11D3-BF4B-00C04F79EFBC}") = "ExpertBridge.Admin", "ExpertBridge.Admin\ExpertBridge.Admin.csproj", "{479CC770-2151-42A9-8D72-3B5653EC86C8}"
EndProject
Project("{FAE04EC0-301F-11D3-BF4B-00C04F79EFBC}") = "ExpertBridge.Notifications", "ExpertBridge.Notifications\ExpertBridge.Notifications.csproj", "{1E0CB2DC-AB81-4F4F-BECF-6A2961C08FA0}"
EndProject
Project("{FAE04EC0-301F-11D3-BF4B-00C04F79EFBC}") = "ExpertBridge.Extensions", "ExpertBridge.Extensions\ExpertBridge.Extensions.csproj", "{1E0CB2DC-AB81-4F4F-BECF-6A2961C08FA1}"
EndProject
Global
	GlobalSection(SolutionConfigurationPlatforms) = preSolution
		Debug|Any CPU = Debug|Any CPU
		Release|Any CPU = Release|Any CPU
	EndGlobalSection
	GlobalSection(ProjectConfigurationPlatforms) = postSolution
		{B723AD57-31E0-4232-9C6A-87A7BA4B6C3C}.Debug|Any CPU.ActiveCfg = Debug|Any CPU
		{B723AD57-31E0-4232-9C6A-87A7BA4B6C3C}.Debug|Any CPU.Build.0 = Debug|Any CPU
		{B723AD57-31E0-4232-9C6A-87A7BA4B6C3C}.Release|Any CPU.ActiveCfg = Release|Any CPU
		{B723AD57-31E0-4232-9C6A-87A7BA4B6C3C}.Release|Any CPU.Build.0 = Release|Any CPU
		{59EAB2C1-1ABE-46F7-A1A7-107BCA3E5F0E}.Debug|Any CPU.ActiveCfg = Debug|Any CPU
		{59EAB2C1-1ABE-46F7-A1A7-107BCA3E5F0E}.Debug|Any CPU.Build.0 = Debug|Any CPU
		{59EAB2C1-1ABE-46F7-A1A7-107BCA3E5F0E}.Release|Any CPU.ActiveCfg = Release|Any CPU
		{59EAB2C1-1ABE-46F7-A1A7-107BCA3E5F0E}.Release|Any CPU.Build.0 = Release|Any CPU
		{7BFFDB7C-149B-4B6E-ACFE-E4E822A70AF1}.Debug|Any CPU.ActiveCfg = Debug|Any CPU
		{7BFFDB7C-149B-4B6E-ACFE-E4E822A70AF1}.Debug|Any CPU.Build.0 = Debug|Any CPU
		{7BFFDB7C-149B-4B6E-ACFE-E4E822A70AF1}.Release|Any CPU.ActiveCfg = Release|Any CPU
		{7BFFDB7C-149B-4B6E-ACFE-E4E822A70AF1}.Release|Any CPU.Build.0 = Release|Any CPU
		{3DC74DCE-0060-49CB-BC68-A4B219A3F86C}.Debug|Any CPU.ActiveCfg = Debug|Any CPU
		{3DC74DCE-0060-49CB-BC68-A4B219A3F86C}.Debug|Any CPU.Build.0 = Debug|Any CPU
		{3DC74DCE-0060-49CB-BC68-A4B219A3F86C}.Release|Any CPU.ActiveCfg = Release|Any CPU
		{3DC74DCE-0060-49CB-BC68-A4B219A3F86C}.Release|Any CPU.Build.0 = Release|Any CPU
		{F87F6A03-77A6-4D4B-B4EC-424035AA39D8}.Debug|Any CPU.ActiveCfg = Debug|Any CPU
		{F87F6A03-77A6-4D4B-B4EC-424035AA39D8}.Debug|Any CPU.Build.0 = Debug|Any CPU
		{F87F6A03-77A6-4D4B-B4EC-424035AA39D8}.Release|Any CPU.ActiveCfg = Release|Any CPU
		{F87F6A03-77A6-4D4B-B4EC-424035AA39D8}.Release|Any CPU.Build.0 = Release|Any CPU
		{8FA8F5BF-65F1-4512-8DB0-8DF738BD20D2}.Debug|Any CPU.ActiveCfg = Debug|Any CPU
		{8FA8F5BF-65F1-4512-8DB0-8DF738BD20D2}.Debug|Any CPU.Build.0 = Debug|Any CPU
		{8FA8F5BF-65F1-4512-8DB0-8DF738BD20D2}.Release|Any CPU.ActiveCfg = Release|Any CPU
		{8FA8F5BF-65F1-4512-8DB0-8DF738BD20D2}.Release|Any CPU.Build.0 = Release|Any CPU
		{1E0CB2DC-AB81-4F4F-BECF-6A2961C08FA0}.Debug|Any CPU.ActiveCfg = Debug|Any CPU
		{1E0CB2DC-AB81-4F4F-BECF-6A2961C08FA0}.Debug|Any CPU.Build.0 = Debug|Any CPU
		{1E0CB2DC-AB81-4F4F-BECF-6A2961C08FA0}.Release|Any CPU.ActiveCfg = Release|Any CPU
		{1E0CB2DC-AB81-4F4F-BECF-6A2961C08FA0}.Release|Any CPU.Build.0 = Release|Any CPU
		{479CC770-2151-42A9-8D72-3B5653EC86C8}.Debug|Any CPU.ActiveCfg = Debug|Any CPU
		{479CC770-2151-42A9-8D72-3B5653EC86C8}.Debug|Any CPU.Build.0 = Debug|Any CPU
		{479CC770-2151-42A9-8D72-3B5653EC86C8}.Release|Any CPU.ActiveCfg = Release|Any CPU
		{479CC770-2151-42A9-8D72-3B5653EC86C8}.Release|Any CPU.Build.0 = Release|Any CPU
		{1E0CB2DC-AB81-4F4F-BECF-6A2961C08FA1}.Debug|Any CPU.ActiveCfg = Debug|Any CPU
		{1E0CB2DC-AB81-4F4F-BECF-6A2961C08FA1}.Debug|Any CPU.Build.0 = Debug|Any CPU
	EndGlobalSection
	GlobalSection(SolutionProperties) = preSolution
		HideSolutionNode = FALSE
	EndGlobalSection
	GlobalSection(ExtensibilityGlobals) = postSolution
		SolutionGuid = {5A029D0C-F0AF-406D-BB4C-FD330CA354F4}
	EndGlobalSection
EndGlobal
