
Microsoft Visual Studio Solution File, Format Version 12.00
# Visual Studio Version 17
VisualStudioVersion = 17.13.35818.85 d17.13
MinimumVisualStudioVersion = 10.0.40219.1
Project("{2150E333-8FDC-42A3-9474-1A3956D46DE8}") = "Solution Items", "Solution Items", "{697DB175-35B9-4313-8B5C-CDD6F6747E3A}"
	ProjectSection(SolutionItems) = preProject
		.editorconfig = .editorconfig
		compose.yaml = compose.yaml
		Directory.Build.props = Directory.Build.props
		Directory.Packages.props = Directory.Packages.props
		..\docker-compose.deploy.yaml = ..\docker-compose.deploy.yaml
		..\docker-compose.dev.yaml = ..\docker-compose.dev.yaml
		..\docker-compose.postgresql.yaml = ..\docker-compose.postgresql.yaml
		..\docker-compose.testing.yaml = ..\docker-compose.testing.yaml
		..\nginx.conf = ..\nginx.conf
	EndProjectSection
EndProject
Project("{FAE04EC0-301F-11D3-BF4B-00C04F79EFBC}") = "ExpertBridge.Host", "ExpertBridge.Host\ExpertBridge.Host.csproj", "{B723AD57-31E0-4232-9C6A-87A7BA4B6C3C}"
EndProject
Project("{FAE04EC0-301F-11D3-BF4B-00C04F79EFBC}") = "ExpertBridge.Api", "ExpertBridge.Api\ExpertBridge.Api.csproj", "{59EAB2C1-1ABE-46F7-A1A7-107BCA3E5F0E}"
EndProject
Project("{FAE04EC0-301F-11D3-BF4B-00C04F79EFBC}") = "ExpertBridge.UnitTests", "ExpertBridge.UnitTests\ExpertBridge.UnitTests.csproj", "{7BFFDB7C-149B-4B6E-ACFE-E4E822A70AF1}"
EndProject
Project("{FAE04EC0-301F-11D3-BF4B-00C04F79EFBC}") = "ExpertBridge.Data", "ExpertBridge.Data\ExpertBridge.Data.csproj", "{743E6D84-84BD-4B20-A400-A652FC47E52E}"
EndProject
Project("{FAE04EC0-301F-11D3-BF4B-00C04F79EFBC}") = "ExpertBridge.Core", "ExpertBridge.Core\ExpertBridge.Core.csproj", "{98C88D6D-BF1C-497F-ADFD-B5B1FA7BA719}"
EndProject
Global
	GlobalSection(SolutionConfigurationPlatforms) = preSolution
		Debug|Any CPU = Debug|Any CPU
		Release|Any CPU = Release|Any CPU
	EndGlobalSection
	GlobalSection(ProjectConfigurationPlatforms) = postSolution
		{B723AD57-31E0-4232-9C6A-87A7BA4B6C3C}.Debug|Any CPU.ActiveCfg = Debug|Any CPU
		{B723AD57-31E0-4232-9C6A-87A7BA4B6C3C}.Debug|Any CPU.Build.0 = Debug|Any CPU
		{B723AD57-31E0-4232-9C6A-87A7BA4B6C3C}.Release|Any CPU.ActiveCfg = Release|Any CPU
		{B723AD57-31E0-4232-9C6A-87A7BA4B6C3C}.Release|Any CPU.Build.0 = Release|Any CPU
		{59EAB2C1-1ABE-46F7-A1A7-107BCA3E5F0E}.Debug|Any CPU.ActiveCfg = Debug|Any CPU
		{59EAB2C1-1ABE-46F7-A1A7-107BCA3E5F0E}.Debug|Any CPU.Build.0 = Debug|Any CPU
		{59EAB2C1-1ABE-46F7-A1A7-107BCA3E5F0E}.Release|Any CPU.ActiveCfg = Release|Any CPU
		{59EAB2C1-1ABE-46F7-A1A7-107BCA3E5F0E}.Release|Any CPU.Build.0 = Release|Any CPU
		{7BFFDB7C-149B-4B6E-ACFE-E4E822A70AF1}.Debug|Any CPU.ActiveCfg = Debug|Any CPU
		{7BFFDB7C-149B-4B6E-ACFE-E4E822A70AF1}.Debug|Any CPU.Build.0 = Debug|Any CPU
		{7BFFDB7C-149B-4B6E-ACFE-E4E822A70AF1}.Release|Any CPU.ActiveCfg = Release|Any CPU
		{7BFFDB7C-149B-4B6E-ACFE-E4E822A70AF1}.Release|Any CPU.Build.0 = Release|Any CPU
		{743E6D84-84BD-4B20-A400-A652FC47E52E}.Debug|Any CPU.ActiveCfg = Debug|Any CPU
		{743E6D84-84BD-4B20-A400-A652FC47E52E}.Debug|Any CPU.Build.0 = Debug|Any CPU
		{743E6D84-84BD-4B20-A400-A652FC47E52E}.Release|Any CPU.ActiveCfg = Release|Any CPU
		{743E6D84-84BD-4B20-A400-A652FC47E52E}.Release|Any CPU.Build.0 = Release|Any CPU
		{98C88D6D-BF1C-497F-ADFD-B5B1FA7BA719}.Debug|Any CPU.ActiveCfg = Debug|Any CPU
		{98C88D6D-BF1C-497F-ADFD-B5B1FA7BA719}.Debug|Any CPU.Build.0 = Debug|Any CPU
		{98C88D6D-BF1C-497F-ADFD-B5B1FA7BA719}.Release|Any CPU.ActiveCfg = Release|Any CPU
		{98C88D6D-BF1C-497F-ADFD-B5B1FA7BA719}.Release|Any CPU.Build.0 = Release|Any CPU
	EndGlobalSection
	GlobalSection(SolutionProperties) = preSolution
		HideSolutionNode = FALSE
	EndGlobalSection
	GlobalSection(ExtensibilityGlobals) = postSolution
		SolutionGuid = {9D12EFD2-9652-4E2F-98D2-653EF07374C6}
	EndGlobalSection
EndGlobal
